// !$*UTF8*$!
{
	archiveVersion = 1;
	classes = {
	};
	objectVersion = 50;
	objects = {

/* Begin PBXBuildFile section */
		BB2A505C239F7E3A00CCFC4E /* AppDelegate.swift in Sources */ = {isa = PBXBuildFile; fileRef = BB2A505B239F7E3A00CCFC4E /* AppDelegate.swift */; };
		BB2A505E239F7E3A00CCFC4E /* SceneDelegate.swift in Sources */ = {isa = PBXBuildFile; fileRef = BB2A505D239F7E3A00CCFC4E /* SceneDelegate.swift */; };
		BB2A5060239F7E3A00CCFC4E /* ViewController.swift in Sources */ = {isa = PBXBuildFile; fileRef = BB2A505F239F7E3A00CCFC4E /* ViewController.swift */; };
		BB2A5063239F7E3A00CCFC4E /* Main.storyboard in Resources */ = {isa = PBXBuildFile; fileRef = BB2A5061239F7E3A00CCFC4E /* Main.storyboard */; };
		BB2A5065239F7E3C00CCFC4E /* Assets.xcassets in Resources */ = {isa = PBXBuildFile; fileRef = BB2A5064239F7E3C00CCFC4E /* Assets.xcassets */; };
		BB2A5068239F7E3C00CCFC4E /* LaunchScreen.storyboard in Resources */ = {isa = PBXBuildFile; fileRef = BB2A5066239F7E3C00CCFC4E /* LaunchScreen.storyboard */; };
/* End PBXBuildFile section */

/* Begin PBXFileReference section */
		BB2A5058239F7E3A00CCFC4E /* VerovioExample.app */ = {isa = PBXFileReference; explicitFileType = wrapper.application; includeInIndex = 0; path = VerovioExample.app; sourceTree = BUILT_PRODUCTS_DIR; };
		BB2A505B239F7E3A00CCFC4E /* AppDelegate.swift */ = {isa = PBXFileReference; lastKnownFileType = sourcecode.swift; path = AppDelegate.swift; sourceTree = "<group>"; };
		BB2A505D239F7E3A00CCFC4E /* SceneDelegate.swift */ = {isa = PBXFileReference; lastKnownFileType = sourcecode.swift; path = SceneDelegate.swift; sourceTree = "<group>"; };
		BB2A505F239F7E3A00CCFC4E /* ViewController.swift */ = {isa = PBXFileReference; lastKnownFileType = sourcecode.swift; path = ViewController.swift; sourceTree = "<group>"; };
		BB2A5062239F7E3A00CCFC4E /* Base */ = {isa = PBXFileReference; lastKnownFileType = file.storyboard; name = Base; path = Base.lproj/Main.storyboard; sourceTree = "<group>"; };
		BB2A5064239F7E3C00CCFC4E /* Assets.xcassets */ = {isa = PBXFileReference; lastKnownFileType = folder.assetcatalog; path = Assets.xcassets; sourceTree = "<group>"; };
		BB2A5067239F7E3C00CCFC4E /* Base */ = {isa = PBXFileReference; lastKnownFileType = file.storyboard; name = Base; path = Base.lproj/LaunchScreen.storyboard; sourceTree = "<group>"; };
		BB2A5069239F7E3C00CCFC4E /* Info.plist */ = {isa = PBXFileReference; lastKnownFileType = text.plist.xml; path = Info.plist; sourceTree = "<group>"; };
/* End PBXFileReference section */

/* Begin PBXFrameworksBuildPhase section */
		BB2A5055239F7E3A00CCFC4E /* Frameworks */ = {
			isa = PBXFrameworksBuildPhase;
			buildActionMask = 2147483647;
			files = (
			);
			runOnlyForDeploymentPostprocessing = 0;
		};
/* End PBXFrameworksBuildPhase section */

/* Begin PBXGroup section */
		BB2A504F239F7E3A00CCFC4E = {
			isa = PBXGroup;
			children = (
				BB2A505A239F7E3A00CCFC4E /* VerovioExample */,
				BB2A5059239F7E3A00CCFC4E /* Products */,
			);
			sourceTree = "<group>";
		};
		BB2A5059239F7E3A00CCFC4E /* Products */ = {
			isa = PBXGroup;
			children = (
				BB2A5058239F7E3A00CCFC4E /* VerovioExample.app */,
			);
			name = Products;
			sourceTree = "<group>";
		};
		BB2A505A239F7E3A00CCFC4E /* VerovioExample */ = {
			isa = PBXGroup;
			children = (
				BB2A505B239F7E3A00CCFC4E /* AppDelegate.swift */,
				BB2A505D239F7E3A00CCFC4E /* SceneDelegate.swift */,
				BB2A505F239F7E3A00CCFC4E /* ViewController.swift */,
				BB2A5061239F7E3A00CCFC4E /* Main.storyboard */,
				BB2A5064239F7E3C00CCFC4E /* Assets.xcassets */,
				BB2A5066239F7E3C00CCFC4E /* LaunchScreen.storyboard */,
				BB2A5069239F7E3C00CCFC4E /* Info.plist */,
			);
			path = VerovioExample;
			sourceTree = "<group>";
		};
/* End PBXGroup section */

/* Begin PBXNativeTarget section */
		BB2A5057239F7E3A00CCFC4E /* VerovioExample */ = {
			isa = PBXNativeTarget;
			buildConfigurationList = BB2A506C239F7E3C00CCFC4E /* Build configuration list for PBXNativeTarget "VerovioExample" */;
			buildPhases = (
				BB2A5054239F7E3A00CCFC4E /* Sources */,
				BB2A5055239F7E3A00CCFC4E /* Frameworks */,
				BB2A5056239F7E3A00CCFC4E /* Resources */,
			);
			buildRules = (
			);
			dependencies = (
			);
			name = VerovioExample;
			productName = VerovioExample;
			productReference = BB2A5058239F7E3A00CCFC4E /* VerovioExample.app */;
			productType = "com.apple.product-type.application";
		};
/* End PBXNativeTarget section */

/* Begin PBXProject section */
		BB2A5050239F7E3A00CCFC4E /* Project object */ = {
			isa = PBXProject;
			attributes = {
				LastSwiftUpdateCheck = 1110;
				LastUpgradeCheck = 1110;
				TargetAttributes = {
					BB2A5057239F7E3A00CCFC4E = {
						CreatedOnToolsVersion = 11.1;
					};
				};
			};
			buildConfigurationList = BB2A5053239F7E3A00CCFC4E /* Build configuration list for PBXProject "VerovioExample" */;
			compatibilityVersion = "Xcode 9.3";
			developmentRegion = en;
			hasScannedForEncodings = 0;
			knownRegions = (
				en,
				Base,
			);
			mainGroup = BB2A504F239F7E3A00CCFC4E;
			productRefGroup = BB2A5059239F7E3A00CCFC4E /* Products */;
			projectDirPath = "";
			projectRoot = "";
			targets = (
				BB2A5057239F7E3A00CCFC4E /* VerovioExample */,
			);
		};
/* End PBXProject section */

/* Begin PBXResourcesBuildPhase section */
		BB2A5056239F7E3A00CCFC4E /* Resources */ = {
			isa = PBXResourcesBuildPhase;
			buildActionMask = 2147483647;
			files = (
				BB2A5068239F7E3C00CCFC4E /* LaunchScreen.storyboard in Resources */,
				BB2A5065239F7E3C00CCFC4E /* Assets.xcassets in Resources */,
				BB2A5063239F7E3A00CCFC4E /* Main.storyboard in Resources */,
			);
			runOnlyForDeploymentPostprocessing = 0;
		};
/* End PBXResourcesBuildPhase section */

/* Begin PBXSourcesBuildPhase section */
		BB2A5054239F7E3A00CCFC4E /* Sources */ = {
			isa = PBXSourcesBuildPhase;
			buildActionMask = 2147483647;
			files = (
				BB2A5060239F7E3A00CCFC4E /* ViewController.swift in Sources */,
				BB2A505C239F7E3A00CCFC4E /* AppDelegate.swift in Sources */,
				BB2A505E239F7E3A00CCFC4E /* SceneDelegate.swift in Sources */,
			);
			runOnlyForDeploymentPostprocessing = 0;
		};
/* End PBXSourcesBuildPhase section */

/* Begin PBXVariantGroup section */
		BB2A5061239F7E3A00CCFC4E /* Main.storyboard */ = {
			isa = PBXVariantGroup;
			children = (
				BB2A5062239F7E3A00CCFC4E /* Base */,
			);
			name = Main.storyboard;
			sourceTree = "<group>";
		};
		BB2A5066239F7E3C00CCFC4E /* LaunchScreen.storyboard */ = {
			isa = PBXVariantGroup;
			children = (
				BB2A5067239F7E3C00CCFC4E /* Base */,
			);
			name = LaunchScreen.storyboard;
			sourceTree = "<group>";
		};
/* End PBXVariantGroup section */

/* Begin XCBuildConfiguration section */
		BB2A506A239F7E3C00CCFC4E /* Debug */ = {
			isa = XCBuildConfiguration;
			buildSettings = {
				ALWAYS_SEARCH_USER_PATHS = NO;
				CLANG_ANALYZER_NONNULL = YES;
				CLANG_ANALYZER_NUMBER_OBJECT_CONVERSION = YES_AGGRESSIVE;
				CLANG_CXX_LANGUAGE_STANDARD = "gnu++14";
				CLANG_CXX_LIBRARY = "libc++";
				CLANG_ENABLE_MODULES = YES;
				CLANG_ENABLE_OBJC_ARC = YES;
				CLANG_ENABLE_OBJC_WEAK = YES;
				CLANG_WARN_BLOCK_CAPTURE_AUTORELEASING = YES;
				CLANG_WARN_BOOL_CONVERSION = YES;
				CLANG_WARN_COMMA = YES;
				CLANG_WARN_CONSTANT_CONVERSION = YES;
				CLANG_WARN_DEPRECATED_OBJC_IMPLEMENTATIONS = YES;
				CLANG_WARN_DIRECT_OBJC_ISA_USAGE = YES_ERROR;
				CLANG_WARN_DOCUMENTATION_COMMENTS = YES;
				CLANG_WARN_EMPTY_BODY = YES;
				CLANG_WARN_ENUM_CONVERSION = YES;
				CLANG_WARN_INFINITE_RECURSION = YES;
				CLANG_WARN_INT_CONVERSION = YES;
				CLANG_WARN_NON_LITERAL_NULL_CONVERSION = YES;
				CLANG_WARN_OBJC_IMPLICIT_RETAIN_SELF = YES;
				CLANG_WARN_OBJC_LITERAL_CONVERSION = YES;
				CLANG_WARN_OBJC_ROOT_CLASS = YES_ERROR;
				CLANG_WARN_RANGE_LOOP_ANALYSIS = YES;
				CLANG_WARN_STRICT_PROTOTYPES = YES;
				CLANG_WARN_SUSPICIOUS_MOVE = YES;
				CLANG_WARN_UNGUARDED_AVAILABILITY = YES_AGGRESSIVE;
				CLANG_WARN_UNREACHABLE_CODE = YES;
				CLANG_WARN__DUPLICATE_METHOD_MATCH = YES;
				COPY_PHASE_STRIP = NO;
				DEBUG_INFORMATION_FORMAT = dwarf;
				ENABLE_STRICT_OBJC_MSGSEND = YES;
				ENABLE_TESTABILITY = YES;
				GCC_C_LANGUAGE_STANDARD = gnu11;
				GCC_DYNAMIC_NO_PIC = NO;
				GCC_NO_COMMON_BLOCKS = YES;
				GCC_OPTIMIZATION_LEVEL = 0;
				GCC_PREPROCESSOR_DEFINITIONS = (
					"DEBUG=1",
					"$(inherited)",
				);
				GCC_WARN_64_TO_32_BIT_CONVERSION = YES;
				GCC_WARN_ABOUT_RETURN_TYPE = YES_ERROR;
				GCC_WARN_UNDECLARED_SELECTOR = YES;
				GCC_WARN_UNINITIALIZED_AUTOS = YES_AGGRESSIVE;
				GCC_WARN_UNUSED_FUNCTION = YES;
				GCC_WARN_UNUSED_VARIABLE = YES;
				IPHONEOS_DEPLOYMENT_TARGET = 13.1;
				MTL_ENABLE_DEBUG_INFO = INCLUDE_SOURCE;
				MTL_FAST_MATH = YES;
				ONLY_ACTIVE_ARCH = YES;
				SDKROOT = iphoneos;
				SWIFT_ACTIVE_COMPILATION_CONDITIONS = DEBUG;
				SWIFT_OPTIMIZATION_LEVEL = "-Onone";
			};
			name = Debug;
		};
		BB2A506B239F7E3C00CCFC4E /* Release */ = {
			isa = XCBuildConfiguration;
			buildSettings = {
				ALWAYS_SEARCH_USER_PATHS = NO;
				CLANG_ANALYZER_NONNULL = YES;
				CLANG_ANALYZER_NUMBER_OBJECT_CONVERSION = YES_AGGRESSIVE;
				CLANG_CXX_LANGUAGE_STANDARD = "gnu++14";
				CLANG_CXX_LIBRARY = "libc++";
				CLANG_ENABLE_MODULES = YES;
				CLANG_ENABLE_OBJC_ARC = YES;
				CLANG_ENABLE_OBJC_WEAK = YES;
				CLANG_WARN_BLOCK_CAPTURE_AUTORELEASING = YES;
				CLANG_WARN_BOOL_CONVERSION = YES;
				CLANG_WARN_COMMA = YES;
				CLANG_WARN_CONSTANT_CONVERSION = YES;
				CLANG_WARN_DEPRECATED_OBJC_IMPLEMENTATIONS = YES;
				CLANG_WARN_DIRECT_OBJC_ISA_USAGE = YES_ERROR;
				CLANG_WARN_DOCUMENTATION_COMMENTS = YES;
				CLANG_WARN_EMPTY_BODY = YES;
				CLANG_WARN_ENUM_CONVERSION = YES;
				CLANG_WARN_INFINITE_RECURSION = YES;
				CLANG_WARN_INT_CONVERSION = YES;
				CLANG_WARN_NON_LITERAL_NULL_CONVERSION = YES;
				CLANG_WARN_OBJC_IMPLICIT_RETAIN_SELF = YES;
				CLANG_WARN_OBJC_LITERAL_CONVERSION = YES;
				CLANG_WARN_OBJC_ROOT_CLASS = YES_ERROR;
				CLANG_WARN_RANGE_LOOP_ANALYSIS = YES;
				CLANG_WARN_STRICT_PROTOTYPES = YES;
				CLANG_WARN_SUSPICIOUS_MOVE = YES;
				CLANG_WARN_UNGUARDED_AVAILABILITY = YES_AGGRESSIVE;
				CLANG_WARN_UNREACHABLE_CODE = YES;
				CLANG_WARN__DUPLICATE_METHOD_MATCH = YES;
				COPY_PHASE_STRIP = NO;
				DEBUG_INFORMATION_FORMAT = "dwarf-with-dsym";
				ENABLE_NS_ASSERTIONS = NO;
				ENABLE_STRICT_OBJC_MSGSEND = YES;
				GCC_C_LANGUAGE_STANDARD = gnu11;
				GCC_NO_COMMON_BLOCKS = YES;
				GCC_WARN_64_TO_32_BIT_CONVERSION = YES;
				GCC_WARN_ABOUT_RETURN_TYPE = YES_ERROR;
				GCC_WARN_UNDECLARED_SELECTOR = YES;
				GCC_WARN_UNINITIALIZED_AUTOS = YES_AGGRESSIVE;
				GCC_WARN_UNUSED_FUNCTION = YES;
				GCC_WARN_UNUSED_VARIABLE = YES;
				IPHONEOS_DEPLOYMENT_TARGET = 13.1;
				MTL_ENABLE_DEBUG_INFO = NO;
				MTL_FAST_MATH = YES;
				SDKROOT = iphoneos;
				SWIFT_COMPILATION_MODE = wholemodule;
				SWIFT_OPTIMIZATION_LEVEL = "-O";
				VALIDATE_PRODUCT = YES;
			};
			name = Release;
		};
		BB2A506D239F7E3C00CCFC4E /* Debug */ = {
			isa = XCBuildConfiguration;
			buildSettings = {
				ASSETCATALOG_COMPILER_APPICON_NAME = AppIcon;
				CODE_SIGN_STYLE = Automatic;
				DEVELOPMENT_TEAM = BNV3V68G55;
				INFOPLIST_FILE = VerovioExample/Info.plist;
				LD_RUNPATH_SEARCH_PATHS = (
					"$(inherited)",
					"@executable_path/Frameworks",
				);
				PRODUCT_BUNDLE_IDENTIFIER = com.verovio.VerovioExample;
				PRODUCT_NAME = "$(TARGET_NAME)";
				SWIFT_VERSION = 5.0;
				TARGETED_DEVICE_FAMILY = "1,2";
			};
			name = Debug;
		};
		BB2A506E239F7E3C00CCFC4E /* Release */ = {
			isa = XCBuildConfiguration;
			buildSettings = {
				ASSETCATALOG_COMPILER_APPICON_NAME = AppIcon;
				CODE_SIGN_STYLE = Automatic;
				DEVELOPMENT_TEAM = BNV3V68G55;
				INFOPLIST_FILE = VerovioExample/Info.plist;
				LD_RUNPATH_SEARCH_PATHS = (
					"$(inherited)",
					"@executable_path/Frameworks",
				);
				PRODUCT_BUNDLE_IDENTIFIER = com.verovio.VerovioExample;
				PRODUCT_NAME = "$(TARGET_NAME)";
				SWIFT_VERSION = 5.0;
				TARGETED_DEVICE_FAMILY = "1,2";
			};
			name = Release;
		};
/* End XCBuildConfiguration section */

/* Begin XCConfigurationList section */
		BB2A5053239F7E3A00CCFC4E /* Build configuration list for PBXProject "VerovioExample" */ = {
			isa = XCConfigurationList;
			buildConfigurations = (
				BB2A506A239F7E3C00CCFC4E /* Debug */,
				BB2A506B239F7E3C00CCFC4E /* Release */,
			);
			defaultConfigurationIsVisible = 0;
			defaultConfigurationName = Release;
		};
		BB2A506C239F7E3C00CCFC4E /* Build configuration list for PBXNativeTarget "VerovioExample" */ = {
			isa = XCConfigurationList;
			buildConfigurations = (
				BB2A506D239F7E3C00CCFC4E /* Debug */,
				BB2A506E239F7E3C00CCFC4E /* Release */,
			);
			defaultConfigurationIsVisible = 0;
			defaultConfigurationName = Release;
		};
/* End XCConfigurationList section */
	};
	rootObject = BB2A5050239F7E3A00CCFC4E /* Project object */;
}
